
Microsoft Visual Studio Solution File, Format Version 12.00
# Visual Studio Version 16
VisualStudioVersion = 16.0.29503.13
MinimumVisualStudioVersion = 10.0.40219.1
Project("{FAE04EC0-301F-11D3-BF4B-00C04F79EFBC}") = "ManhattanDistance", "ManhattanDistance\ManhattanDistance.csproj", "{6DCAC706-8849-4185-8DDD-B9A06DD433FD}"
EndProject
Project("{FAE04EC0-301F-11D3-BF4B-00C04F79EFBC}") = "ManhattanTests", "ManhattanTests\ManhattanTests.csproj", "{0996A204-15E3-4CEE-971C-99216E85074E}"
EndProject
Global
	GlobalSection(SolutionConfigurationPlatforms) = preSolution
		Debug|Any CPU = Debug|Any CPU
		Release|Any CPU = Release|Any CPU
	EndGlobalSection
	GlobalSection(ProjectConfigurationPlatforms) = postSolution
		{6DCAC706-8849-4185-8DDD-B9A06DD433FD}.Debug|Any CPU.ActiveCfg = Debug|Any CPU
		{6DCAC706-8849-4185-8DDD-B9A06DD433FD}.Debug|Any CPU.Build.0 = Debug|Any CPU
		{6DCAC706-8849-4185-8DDD-B9A06DD433FD}.Release|Any CPU.ActiveCfg = Release|Any CPU
		{6DCAC706-8849-4185-8DDD-B9A06DD433FD}.Release|Any CPU.Build.0 = Release|Any CPU
		{0996A204-15E3-4CEE-971C-99216E85074E}.Debug|Any CPU.ActiveCfg = Debug|Any CPU
		{0996A204-15E3-4CEE-971C-99216E85074E}.Debug|Any CPU.Build.0 = Debug|Any CPU
		{0996A204-15E3-4CEE-971C-99216E85074E}.Release|Any CPU.ActiveCfg = Release|Any CPU
		{0996A204-15E3-4CEE-971C-99216E85074E}.Release|Any CPU.Build.0 = Release|Any CPU
	EndGlobalSection
	GlobalSection(SolutionProperties) = preSolution
		HideSolutionNode = FALSE
	EndGlobalSection
	GlobalSection(ExtensibilityGlobals) = postSolution
		SolutionGuid = {DF06B208-1024-456E-AC9B-69D17571C751}
	EndGlobalSection
EndGlobal
