
Microsoft Visual Studio Solution File, Format Version 12.00
# Visual Studio Version 16
VisualStudioVersion = 16.0.29503.13
MinimumVisualStudioVersion = 10.0.40219.1
Project("{FAE04EC0-301F-11D3-BF4B-00C04F79EFBC}") = "OrbitMap", "6\OrbitMap\OrbitMap.csproj", "{D4F317D6-4096-4309-AAF3-16A85B41267E}"
EndProject
Global
	GlobalSection(SolutionConfigurationPlatforms) = preSolution
		Debug|Any CPU = Debug|Any CPU
		Release|Any CPU = Release|Any CPU
	EndGlobalSection
	GlobalSection(ProjectConfigurationPlatforms) = postSolution
		{D4F317D6-4096-4309-AAF3-16A85B41267E}.Debug|Any CPU.ActiveCfg = Debug|Any CPU
		{D4F317D6-4096-4309-AAF3-16A85B41267E}.Debug|Any CPU.Build.0 = Debug|Any CPU
		{D4F317D6-4096-4309-AAF3-16A85B41267E}.Release|Any CPU.ActiveCfg = Release|Any CPU
		{D4F317D6-4096-4309-AAF3-16A85B41267E}.Release|Any CPU.Build.0 = Release|Any CPU
	EndGlobalSection
	GlobalSection(SolutionProperties) = preSolution
		HideSolutionNode = FALSE
	EndGlobalSection
	GlobalSection(ExtensibilityGlobals) = postSolution
		SolutionGuid = {6AB63CB2-989A-45D9-970B-49029839DC30}
	EndGlobalSection
EndGlobal
