
Microsoft Visual Studio Solution File, Format Version 12.00
# Visual Studio Version 16
VisualStudioVersion = 16.0.29503.13
MinimumVisualStudioVersion = 10.0.40219.1
Project("{9A19103F-16F7-4668-BE54-9A1E7A4F7556}") = "PassGuesser", "PassGuesser\PassGuesser.csproj", "{B592D434-D051-46AB-A904-2E47C7FE41FD}"
EndProject
Project("{FAE04EC0-301F-11D3-BF4B-00C04F79EFBC}") = "Test", "Test\Test.csproj", "{CA7C3A84-32CC-4818-B135-893DE953B23C}"
EndProject
Global
	GlobalSection(SolutionConfigurationPlatforms) = preSolution
		Debug|Any CPU = Debug|Any CPU
		Release|Any CPU = Release|Any CPU
	EndGlobalSection
	GlobalSection(ProjectConfigurationPlatforms) = postSolution
		{B592D434-D051-46AB-A904-2E47C7FE41FD}.Debug|Any CPU.ActiveCfg = Debug|Any CPU
		{B592D434-D051-46AB-A904-2E47C7FE41FD}.Debug|Any CPU.Build.0 = Debug|Any CPU
		{B592D434-D051-46AB-A904-2E47C7FE41FD}.Release|Any CPU.ActiveCfg = Release|Any CPU
		{B592D434-D051-46AB-A904-2E47C7FE41FD}.Release|Any CPU.Build.0 = Release|Any CPU
		{CA7C3A84-32CC-4818-B135-893DE953B23C}.Debug|Any CPU.ActiveCfg = Debug|Any CPU
		{CA7C3A84-32CC-4818-B135-893DE953B23C}.Debug|Any CPU.Build.0 = Debug|Any CPU
		{CA7C3A84-32CC-4818-B135-893DE953B23C}.Release|Any CPU.ActiveCfg = Release|Any CPU
		{CA7C3A84-32CC-4818-B135-893DE953B23C}.Release|Any CPU.Build.0 = Release|Any CPU
	EndGlobalSection
	GlobalSection(SolutionProperties) = preSolution
		HideSolutionNode = FALSE
	EndGlobalSection
	GlobalSection(ExtensibilityGlobals) = postSolution
		SolutionGuid = {10735BDD-D095-4520-88D4-4B1E4FF91162}
	EndGlobalSection
EndGlobal
